# This is a Gradle generated file for dependency locking.
# Manual edits can break the build and are not advised.
# This file is expected to be part of source control.
org.jacoco:org.jacoco.agent:0.8.5
org.jacoco:org.jacoco.ant:0.8.5
org.jacoco:org.jacoco.core:0.8.5
org.jacoco:org.jacoco.report:0.8.5
org.ow2.asm:asm-analysis:7.2
org.ow2.asm:asm-commons:7.2
org.ow2.asm:asm-tree:7.2
org.ow2.asm:asm:7.2
